
Microsoft Visual Studio Solution File, Format Version 12.00
# Visual Studio 15
VisualStudioVersion = 15.0.28010.2041
MinimumVisualStudioVersion = 10.0.40219.1
Project("{8BC9CEB8-8B4A-11D0-8D11-00A0C91BC942}") = "exercicio20", "exercicio20\exercicio20.vcxproj", "{8872CB4B-B256-4B7B-A37B-4468E2A854EB}"
EndProject
Global
	GlobalSection(SolutionConfigurationPlatforms) = preSolution
		Debug|x64 = Debug|x64
		Debug|x86 = Debug|x86
		Release|x64 = Release|x64
		Release|x86 = Release|x86
	EndGlobalSection
	GlobalSection(ProjectConfigurationPlatforms) = postSolution
		{8872CB4B-B256-4B7B-A37B-4468E2A854EB}.Debug|x64.ActiveCfg = Debug|x64
		{8872CB4B-B256-4B7B-A37B-4468E2A854EB}.Debug|x64.Build.0 = Debug|x64
		{8872CB4B-B256-4B7B-A37B-4468E2A854EB}.Debug|x86.ActiveCfg = Debug|Win32
		{8872CB4B-B256-4B7B-A37B-4468E2A854EB}.Debug|x86.Build.0 = Debug|Win32
		{8872CB4B-B256-4B7B-A37B-4468E2A854EB}.Release|x64.ActiveCfg = Release|x64
		{8872CB4B-B256-4B7B-A37B-4468E2A854EB}.Release|x64.Build.0 = Release|x64
		{8872CB4B-B256-4B7B-A37B-4468E2A854EB}.Release|x86.ActiveCfg = Release|Win32
		{8872CB4B-B256-4B7B-A37B-4468E2A854EB}.Release|x86.Build.0 = Release|Win32
	EndGlobalSection
	GlobalSection(SolutionProperties) = preSolution
		HideSolutionNode = FALSE
	EndGlobalSection
	GlobalSection(ExtensibilityGlobals) = postSolution
		SolutionGuid = {09716ABC-0651-4048-80A0-C0ECFB96F2F0}
	EndGlobalSection
EndGlobal
