
Microsoft Visual Studio Solution File, Format Version 12.00
# Visual Studio 15
VisualStudioVersion = 15.0.28307.102
MinimumVisualStudioVersion = 10.0.40219.1
Project("{8BC9CEB8-8B4A-11D0-8D11-00A0C91BC942}") = "exercicio09", "exercicio09\exercicio09.vcxproj", "{1E44CC9C-CEE3-4E90-B8CD-B62B243D1BC5}"
EndProject
Global
	GlobalSection(SolutionConfigurationPlatforms) = preSolution
		Debug|x64 = Debug|x64
		Debug|x86 = Debug|x86
		Release|x64 = Release|x64
		Release|x86 = Release|x86
	EndGlobalSection
	GlobalSection(ProjectConfigurationPlatforms) = postSolution
		{1E44CC9C-CEE3-4E90-B8CD-B62B243D1BC5}.Debug|x64.ActiveCfg = Debug|x64
		{1E44CC9C-CEE3-4E90-B8CD-B62B243D1BC5}.Debug|x64.Build.0 = Debug|x64
		{1E44CC9C-CEE3-4E90-B8CD-B62B243D1BC5}.Debug|x86.ActiveCfg = Debug|Win32
		{1E44CC9C-CEE3-4E90-B8CD-B62B243D1BC5}.Debug|x86.Build.0 = Debug|Win32
		{1E44CC9C-CEE3-4E90-B8CD-B62B243D1BC5}.Release|x64.ActiveCfg = Release|x64
		{1E44CC9C-CEE3-4E90-B8CD-B62B243D1BC5}.Release|x64.Build.0 = Release|x64
		{1E44CC9C-CEE3-4E90-B8CD-B62B243D1BC5}.Release|x86.ActiveCfg = Release|Win32
		{1E44CC9C-CEE3-4E90-B8CD-B62B243D1BC5}.Release|x86.Build.0 = Release|Win32
	EndGlobalSection
	GlobalSection(SolutionProperties) = preSolution
		HideSolutionNode = FALSE
	EndGlobalSection
	GlobalSection(ExtensibilityGlobals) = postSolution
		SolutionGuid = {47A5F689-07B3-4C70-A844-8DBF700CA69D}
	EndGlobalSection
EndGlobal
